
Microsoft Visual Studio Solution File, Format Version 12.00
# Visual Studio Version 16
VisualStudioVersion = 16.0.28922.388
MinimumVisualStudioVersion = 10.0.40219.1
Project("{9A19103F-16F7-4668-BE54-9A1E7A4F7556}") = "AspNetCoreUseSwagger", "AspNetCoreUseSwagger\AspNetCoreUseSwagger.csproj", "{D453E605-F175-4062-BE95-CBD5E2D6D31E}"
EndProject
Project("{FAE04EC0-301F-11D3-BF4B-00C04F79EFBC}") = "Domain", "Domain\Domain.csproj", "{119420E4-2BF5-45FC-A9B0-FDC1F56BCA25}"
EndProject
Global
	GlobalSection(SolutionConfigurationPlatforms) = preSolution
		Debug|Any CPU = Debug|Any CPU
		Release|Any CPU = Release|Any CPU
	EndGlobalSection
	GlobalSection(ProjectConfigurationPlatforms) = postSolution
		{D453E605-F175-4062-BE95-CBD5E2D6D31E}.Debug|Any CPU.ActiveCfg = Debug|Any CPU
		{D453E605-F175-4062-BE95-CBD5E2D6D31E}.Debug|Any CPU.Build.0 = Debug|Any CPU
		{D453E605-F175-4062-BE95-CBD5E2D6D31E}.Release|Any CPU.ActiveCfg = Release|Any CPU
		{D453E605-F175-4062-BE95-CBD5E2D6D31E}.Release|Any CPU.Build.0 = Release|Any CPU
		{119420E4-2BF5-45FC-A9B0-FDC1F56BCA25}.Debug|Any CPU.ActiveCfg = Debug|Any CPU
		{119420E4-2BF5-45FC-A9B0-FDC1F56BCA25}.Debug|Any CPU.Build.0 = Debug|Any CPU
		{119420E4-2BF5-45FC-A9B0-FDC1F56BCA25}.Release|Any CPU.ActiveCfg = Release|Any CPU
		{119420E4-2BF5-45FC-A9B0-FDC1F56BCA25}.Release|Any CPU.Build.0 = Release|Any CPU
	EndGlobalSection
	GlobalSection(SolutionProperties) = preSolution
		HideSolutionNode = FALSE
	EndGlobalSection
	GlobalSection(ExtensibilityGlobals) = postSolution
		SolutionGuid = {31F056E6-07EB-4A67-AA49-A2CA9AF5AE3B}
	EndGlobalSection
EndGlobal
